// !$*UTF8*$!
{
	archiveVersion = 1;
	classes = {
	};
	objectVersion = 46;
	objects = {

/* Begin PBXBuildFile section */
		CA270CC5178974120053A29C /* UIKit.framework in Frameworks */ = {isa = PBXBuildFile; fileRef = CA270CC4178974120053A29C /* UIKit.framework */; };
		CA270CC7178974120053A29C /* Foundation.framework in Frameworks */ = {isa = PBXBuildFile; fileRef = CA270CC6178974120053A29C /* Foundation.framework */; };
		CA270CC9178974120053A29C /* CoreGraphics.framework in Frameworks */ = {isa = PBXBuildFile; fileRef = CA270CC8178974120053A29C /* CoreGraphics.framework */; };
		CA270D07178975410053A29C /* QuartzCore.framework in Frameworks */ = {isa = PBXBuildFile; fileRef = CA270D06178975410053A29C /* QuartzCore.framework */; };
		CA270D25178979390053A29C /* InfoPlist.strings in Resources */ = {isa = PBXBuildFile; fileRef = CA270D09178979390053A29C /* InfoPlist.strings */; };
		CA270D26178979390053A29C /* JJAppDelegate.m in Sources */ = {isa = PBXBuildFile; fileRef = CA270D0C178979390053A29C /* JJAppDelegate.m */; };
		CA270D27178979390053A29C /* JJMenuViewController.m in Sources */ = {isa = PBXBuildFile; fileRef = CA270D10178979390053A29C /* JJMenuViewController.m */; };
		CA270D29178979390053A29C /* JJRootViewController.m in Sources */ = {isa = PBXBuildFile; fileRef = CA270D14178979390053A29C /* JJRootViewController.m */; };
		CA270D2A178979390053A29C /* Default-568h@2x.png in Resources */ = {isa = PBXBuildFile; fileRef = CA270D1A178979390053A29C /* Default-568h@2x.png */; };
		CA270D2B178979390053A29C /* Default.png in Resources */ = {isa = PBXBuildFile; fileRef = CA270D1B178979390053A29C /* Default.png */; };
		CA270D2C178979390053A29C /* Default@2x.png in Resources */ = {isa = PBXBuildFile; fileRef = CA270D1C178979390053A29C /* Default@2x.png */; };
		CA270D2D178979390053A29C /* JJMenuCell.m in Sources */ = {isa = PBXBuildFile; fileRef = CA270D21178979390053A29C /* JJMenuCell.m */; };
		CA270D2E178979390053A29C /* JuJu-Info.plist in Resources */ = {isa = PBXBuildFile; fileRef = CA270D22178979390053A29C /* JuJu-Info.plist */; };
		CA270D2F178979390053A29C /* main.m in Sources */ = {isa = PBXBuildFile; fileRef = CA270D24178979390053A29C /* main.m */; };
		CA270DEB1789797B0053A29C /* GHRevealViewController.m in Sources */ = {isa = PBXBuildFile; fileRef = CA270D3C178979790053A29C /* GHRevealViewController.m */; };
		CA270DEC1789797B0053A29C /* GHSidebarSearchViewController.m in Sources */ = {isa = PBXBuildFile; fileRef = CA270D3E178979790053A29C /* GHSidebarSearchViewController.m */; };
		CA270DED1789797B0053A29C /* searchBarBG.png in Resources */ = {isa = PBXBuildFile; fileRef = CA270D411789797A0053A29C /* searchBarBG.png */; };
		CA270DEE1789797B0053A29C /* searchBarIcon.png in Resources */ = {isa = PBXBuildFile; fileRef = CA270D421789797A0053A29C /* searchBarIcon.png */; };
		CA270DEF1789797B0053A29C /* searchBarIcon@2x.png in Resources */ = {isa = PBXBuildFile; fileRef = CA270D431789797A0053A29C /* searchBarIcon@2x.png */; };
		CA270DF01789797B0053A29C /* searchTextBG.png in Resources */ = {isa = PBXBuildFile; fileRef = CA270D441789797A0053A29C /* searchTextBG.png */; };
		CA270DF11789797B0053A29C /* user.png in Resources */ = {isa = PBXBuildFile; fileRef = CA270D451789797A0053A29C /* user.png */; };
		CA270E8217897AEE0053A29C /* AFHTTPClient.m in Sources */ = {isa = PBXBuildFile; fileRef = CA270E7017897AEE0053A29C /* AFHTTPClient.m */; };
		CA270E8317897AEE0053A29C /* AFHTTPRequestOperation.m in Sources */ = {isa = PBXBuildFile; fileRef = CA270E7217897AEE0053A29C /* AFHTTPRequestOperation.m */; };
		CA270E8417897AEE0053A29C /* AFImageRequestOperation.m in Sources */ = {isa = PBXBuildFile; fileRef = CA270E7417897AEE0053A29C /* AFImageRequestOperation.m */; };
		CA270E8517897AEE0053A29C /* AFJSONRequestOperation.m in Sources */ = {isa = PBXBuildFile; fileRef = CA270E7617897AEE0053A29C /* AFJSONRequestOperation.m */; };
		CA270E8617897AEE0053A29C /* AFNetworkActivityIndicatorManager.m in Sources */ = {isa = PBXBuildFile; fileRef = CA270E7817897AEE0053A29C /* AFNetworkActivityIndicatorManager.m */; };
		CA270E8717897AEE0053A29C /* AFPropertyListRequestOperation.m in Sources */ = {isa = PBXBuildFile; fileRef = CA270E7B17897AEE0053A29C /* AFPropertyListRequestOperation.m */; };
		CA270E8817897AEE0053A29C /* AFURLConnectionOperation.m in Sources */ = {isa = PBXBuildFile; fileRef = CA270E7D17897AEE0053A29C /* AFURLConnectionOperation.m */; };
		CA270E8917897AEE0053A29C /* AFXMLRequestOperation.m in Sources */ = {isa = PBXBuildFile; fileRef = CA270E7F17897AEE0053A29C /* AFXMLRequestOperation.m */; };
		CA270E8A17897AEE0053A29C /* UIImageView+AFNetworking.m in Sources */ = {isa = PBXBuildFile; fileRef = CA270E8117897AEE0053A29C /* UIImageView+AFNetworking.m */; };
		CA270E8C17897B010053A29C /* CFNetwork.framework in Frameworks */ = {isa = PBXBuildFile; fileRef = CA270E8B17897B010053A29C /* CFNetwork.framework */; };
		CA270E8E17897D650053A29C /* Security.framework in Frameworks */ = {isa = PBXBuildFile; fileRef = CA270E8D17897D650053A29C /* Security.framework */; };
		CA270E9017897D6F0053A29C /* CoreLocation.framework in Frameworks */ = {isa = PBXBuildFile; fileRef = CA270E8F17897D6F0053A29C /* CoreLocation.framework */; };
		CA270E9217897D7A0053A29C /* SystemConfiguration.framework in Frameworks */ = {isa = PBXBuildFile; fileRef = CA270E9117897D7A0053A29C /* SystemConfiguration.framework */; };
		CA270E9417897D800053A29C /* MobileCoreServices.framework in Frameworks */ = {isa = PBXBuildFile; fileRef = CA270E9317897D800053A29C /* MobileCoreServices.framework */; };
		CA270E9817897E0C0053A29C /* JJRequestClient.m in Sources */ = {isa = PBXBuildFile; fileRef = CA270E9717897E0C0053A29C /* JJRequestClient.m */; };
		CA270FDE1789865C0053A29C /* Action.pb.m in Sources */ = {isa = PBXBuildFile; fileRef = CA270FD51789865C0053A29C /* Action.pb.m */; settings = {COMPILER_FLAGS = "-fno-objc-arc"; }; };
		CA270FDF1789865C0053A29C /* Basic.pb.m in Sources */ = {isa = PBXBuildFile; fileRef = CA270FD71789865C0053A29C /* Basic.pb.m */; settings = {COMPILER_FLAGS = "-fno-objc-arc"; }; };
		CA270FE01789865C0053A29C /* Message.pb.m in Sources */ = {isa = PBXBuildFile; fileRef = CA270FD91789865C0053A29C /* Message.pb.m */; settings = {COMPILER_FLAGS = "-fno-objc-arc"; }; };
		CA270FE11789865C0053A29C /* Response.pb.m in Sources */ = {isa = PBXBuildFile; fileRef = CA270FDB1789865C0053A29C /* Response.pb.m */; settings = {COMPILER_FLAGS = "-fno-objc-arc"; }; };
		CA270FE21789865C0053A29C /* User.pb.m in Sources */ = {isa = PBXBuildFile; fileRef = CA270FDD1789865C0053A29C /* User.pb.m */; settings = {COMPILER_FLAGS = "-fno-objc-arc"; }; };
		CA27107917898BC70053A29C /* AbstractMessage.m in Sources */ = {isa = PBXBuildFile; fileRef = CA27104C17898BC60053A29C /* AbstractMessage.m */; settings = {COMPILER_FLAGS = "-fno-objc-arc"; }; };
		CA27107A17898BC70053A29C /* AbstractMessage_Builder.m in Sources */ = {isa = PBXBuildFile; fileRef = CA27104E17898BC60053A29C /* AbstractMessage_Builder.m */; settings = {COMPILER_FLAGS = "-fno-objc-arc"; }; };
		CA27107B17898BC70053A29C /* CodedInputStream.m in Sources */ = {isa = PBXBuildFile; fileRef = CA27105117898BC60053A29C /* CodedInputStream.m */; settings = {COMPILER_FLAGS = "-fno-objc-arc"; }; };
		CA27107C17898BC70053A29C /* CodedOutputStream.m in Sources */ = {isa = PBXBuildFile; fileRef = CA27105317898BC60053A29C /* CodedOutputStream.m */; settings = {COMPILER_FLAGS = "-fno-objc-arc"; }; };
		CA27107D17898BC70053A29C /* ConcreteExtensionField.m in Sources */ = {isa = PBXBuildFile; fileRef = CA27105517898BC60053A29C /* ConcreteExtensionField.m */; settings = {COMPILER_FLAGS = "-fno-objc-arc"; }; };
		CA27107E17898BC70053A29C /* ExtendableMessage.m in Sources */ = {isa = PBXBuildFile; fileRef = CA27105717898BC60053A29C /* ExtendableMessage.m */; settings = {COMPILER_FLAGS = "-fno-objc-arc"; }; };
		CA27107F17898BC70053A29C /* ExtendableMessage_Builder.m in Sources */ = {isa = PBXBuildFile; fileRef = CA27105917898BC60053A29C /* ExtendableMessage_Builder.m */; settings = {COMPILER_FLAGS = "-fno-objc-arc"; }; };
		CA27108017898BC70053A29C /* ExtensionRegistry.m in Sources */ = {isa = PBXBuildFile; fileRef = CA27105C17898BC60053A29C /* ExtensionRegistry.m */; settings = {COMPILER_FLAGS = "-fno-objc-arc"; }; };
		CA27108117898BC70053A29C /* Field.m in Sources */ = {isa = PBXBuildFile; fileRef = CA27105E17898BC60053A29C /* Field.m */; settings = {COMPILER_FLAGS = "-fno-objc-arc"; }; };
		CA27108217898BC70053A29C /* GeneratedMessage.m in Sources */ = {isa = PBXBuildFile; fileRef = CA27106117898BC60053A29C /* GeneratedMessage.m */; settings = {COMPILER_FLAGS = "-fno-objc-arc"; }; };
		CA27108317898BC70053A29C /* GeneratedMessage_Builder.m in Sources */ = {isa = PBXBuildFile; fileRef = CA27106317898BC60053A29C /* GeneratedMessage_Builder.m */; settings = {COMPILER_FLAGS = "-fno-objc-arc"; }; };
		CA27108517898BC70053A29C /* MutableExtensionRegistry.m in Sources */ = {isa = PBXBuildFile; fileRef = CA27106817898BC60053A29C /* MutableExtensionRegistry.m */; settings = {COMPILER_FLAGS = "-fno-objc-arc"; }; };
		CA27108617898BC70053A29C /* MutableField.m in Sources */ = {isa = PBXBuildFile; fileRef = CA27106A17898BC60053A29C /* MutableField.m */; settings = {COMPILER_FLAGS = "-fno-objc-arc"; }; };
		CA27108717898BC70053A29C /* TextFormat.m in Sources */ = {isa = PBXBuildFile; fileRef = CA27106D17898BC60053A29C /* TextFormat.m */; settings = {COMPILER_FLAGS = "-fno-objc-arc"; }; };
		CA27108817898BC70053A29C /* UnknownFieldSet.m in Sources */ = {isa = PBXBuildFile; fileRef = CA27106F17898BC60053A29C /* UnknownFieldSet.m */; settings = {COMPILER_FLAGS = "-fno-objc-arc"; }; };
		CA27108917898BC70053A29C /* UnknownFieldSet_Builder.m in Sources */ = {isa = PBXBuildFile; fileRef = CA27107117898BC60053A29C /* UnknownFieldSet_Builder.m */; settings = {COMPILER_FLAGS = "-fno-objc-arc"; }; };
		CA27108A17898BC70053A29C /* Utilities.m in Sources */ = {isa = PBXBuildFile; fileRef = CA27107317898BC60053A29C /* Utilities.m */; settings = {COMPILER_FLAGS = "-fno-objc-arc"; }; };
		CA27108B17898BC70053A29C /* WireFormat.m in Sources */ = {isa = PBXBuildFile; fileRef = CA27107517898BC60053A29C /* WireFormat.m */; settings = {COMPILER_FLAGS = "-fno-objc-arc"; }; };
		CA2710921789D5AE0053A29C /* libMobClickLibrary.a in Frameworks */ = {isa = PBXBuildFile; fileRef = CA2710901789D5AE0053A29C /* libMobClickLibrary.a */; };
		CA2710941789D5F60053A29C /* libz.dylib in Frameworks */ = {isa = PBXBuildFile; fileRef = CA2710931789D5F60053A29C /* libz.dylib */; };
		CAA75C541789D8750041C019 /* AppManager.m in Sources */ = {isa = PBXBuildFile; fileRef = CAA75C531789D8750041C019 /* AppManager.m */; };
		CACEC2AF178B0CCF00D88643 /* DateUtil.m in Sources */ = {isa = PBXBuildFile; fileRef = CACEC2A7178B0CCF00D88643 /* DateUtil.m */; };
		CACEC2B0178B0CCF00D88643 /* PointUtil.m in Sources */ = {isa = PBXBuildFile; fileRef = CACEC2A9178B0CCF00D88643 /* PointUtil.m */; };
		CACEC2B1178B0CCF00D88643 /* RectUtil.m in Sources */ = {isa = PBXBuildFile; fileRef = CACEC2AB178B0CCF00D88643 /* RectUtil.m */; };
		CACEC2B2178B0CCF00D88643 /* StringUtil.m in Sources */ = {isa = PBXBuildFile; fileRef = CACEC2AD178B0CCF00D88643 /* StringUtil.m */; };
		CACEC2B6178B0DEF00D88643 /* JJService.m in Sources */ = {isa = PBXBuildFile; fileRef = CACEC2B5178B0DEF00D88643 /* JJService.m */; };
		CACEC2B9178B136600D88643 /* UserService.m in Sources */ = {isa = PBXBuildFile; fileRef = CACEC2B8178B136600D88643 /* UserService.m */; };
		CACEC375178C291D00D88643 /* JJModel.m in Sources */ = {isa = PBXBuildFile; fileRef = CACEC374178C291D00D88643 /* JJModel.m */; };
		CACEC382178C293200D88643 /* ActionManager.m in Sources */ = {isa = PBXBuildFile; fileRef = CACEC378178C293200D88643 /* ActionManager.m */; };
		CACEC384178C293200D88643 /* ImageManager.m in Sources */ = {isa = PBXBuildFile; fileRef = CACEC37B178C293200D88643 /* ImageManager.m */; };
		CACEC385178C293200D88643 /* JJManager.m in Sources */ = {isa = PBXBuildFile; fileRef = CACEC37D178C293200D88643 /* JJManager.m */; };
		CACEC386178C293200D88643 /* RelationManager.m in Sources */ = {isa = PBXBuildFile; fileRef = CACEC37F178C293200D88643 /* RelationManager.m */; };
		CACEC387178C293200D88643 /* UserManager.m in Sources */ = {isa = PBXBuildFile; fileRef = CACEC381178C293200D88643 /* UserManager.m */; };
		CACEC38A178C2A5300D88643 /* ConfigManager.m in Sources */ = {isa = PBXBuildFile; fileRef = CACEC389178C2A5300D88643 /* ConfigManager.m */; };
/* End PBXBuildFile section */

/* Begin PBXFileReference section */
		CA270CC1178974120053A29C /* JuJu.app */ = {isa = PBXFileReference; explicitFileType = wrapper.application; includeInIndex = 0; path = JuJu.app; sourceTree = BUILT_PRODUCTS_DIR; };
		CA270CC4178974120053A29C /* UIKit.framework */ = {isa = PBXFileReference; lastKnownFileType = wrapper.framework; name = UIKit.framework; path = System/Library/Frameworks/UIKit.framework; sourceTree = SDKROOT; };
		CA270CC6178974120053A29C /* Foundation.framework */ = {isa = PBXFileReference; lastKnownFileType = wrapper.framework; name = Foundation.framework; path = System/Library/Frameworks/Foundation.framework; sourceTree = SDKROOT; };
		CA270CC8178974120053A29C /* CoreGraphics.framework */ = {isa = PBXFileReference; lastKnownFileType = wrapper.framework; name = CoreGraphics.framework; path = System/Library/Frameworks/CoreGraphics.framework; sourceTree = SDKROOT; };
		CA270D06178975410053A29C /* QuartzCore.framework */ = {isa = PBXFileReference; lastKnownFileType = wrapper.framework; name = QuartzCore.framework; path = System/Library/Frameworks/QuartzCore.framework; sourceTree = SDKROOT; };
		CA270D0A178979390053A29C /* en */ = {isa = PBXFileReference; lastKnownFileType = text.plist.strings; name = en; path = InfoPlist.strings; sourceTree = "<group>"; };
		CA270D0B178979390053A29C /* JJAppDelegate.h */ = {isa = PBXFileReference; fileEncoding = 4; lastKnownFileType = sourcecode.c.h; path = JJAppDelegate.h; sourceTree = "<group>"; };
		CA270D0C178979390053A29C /* JJAppDelegate.m */ = {isa = PBXFileReference; fileEncoding = 4; lastKnownFileType = sourcecode.c.objc; path = JJAppDelegate.m; sourceTree = "<group>"; };
		CA270D0F178979390053A29C /* JJMenuViewController.h */ = {isa = PBXFileReference; fileEncoding = 4; lastKnownFileType = sourcecode.c.h; path = JJMenuViewController.h; sourceTree = "<group>"; };
		CA270D10178979390053A29C /* JJMenuViewController.m */ = {isa = PBXFileReference; fileEncoding = 4; lastKnownFileType = sourcecode.c.objc; path = JJMenuViewController.m; sourceTree = "<group>"; };
		CA270D13178979390053A29C /* JJRootViewController.h */ = {isa = PBXFileReference; fileEncoding = 4; lastKnownFileType = sourcecode.c.h; path = JJRootViewController.h; sourceTree = "<group>"; };
		CA270D14178979390053A29C /* JJRootViewController.m */ = {isa = PBXFileReference; fileEncoding = 4; lastKnownFileType = sourcecode.c.objc; path = JJRootViewController.m; sourceTree = "<group>"; };
		CA270D1A178979390053A29C /* Default-568h@2x.png */ = {isa = PBXFileReference; lastKnownFileType = image.png; path = "Default-568h@2x.png"; sourceTree = "<group>"; };
		CA270D1B178979390053A29C /* Default.png */ = {isa = PBXFileReference; lastKnownFileType = image.png; path = Default.png; sourceTree = "<group>"; };
		CA270D1C178979390053A29C /* Default@2x.png */ = {isa = PBXFileReference; lastKnownFileType = image.png; path = "Default@2x.png"; sourceTree = "<group>"; };
		CA270D20178979390053A29C /* JJMenuCell.h */ = {isa = PBXFileReference; fileEncoding = 4; lastKnownFileType = sourcecode.c.h; path = JJMenuCell.h; sourceTree = "<group>"; };
		CA270D21178979390053A29C /* JJMenuCell.m */ = {isa = PBXFileReference; fileEncoding = 4; lastKnownFileType = sourcecode.c.objc; path = JJMenuCell.m; sourceTree = "<group>"; };
		CA270D22178979390053A29C /* JuJu-Info.plist */ = {isa = PBXFileReference; fileEncoding = 4; lastKnownFileType = text.plist.xml; path = "JuJu-Info.plist"; sourceTree = "<group>"; };
		CA270D23178979390053A29C /* JuJu-Prefix.pch */ = {isa = PBXFileReference; fileEncoding = 4; lastKnownFileType = sourcecode.c.h; path = "JuJu-Prefix.pch"; sourceTree = "<group>"; };
		CA270D24178979390053A29C /* main.m */ = {isa = PBXFileReference; fileEncoding = 4; lastKnownFileType = sourcecode.c.objc; path = main.m; sourceTree = "<group>"; };
		CA270D3B178979790053A29C /* GHRevealViewController.h */ = {isa = PBXFileReference; fileEncoding = 4; lastKnownFileType = sourcecode.c.h; path = GHRevealViewController.h; sourceTree = "<group>"; };
		CA270D3C178979790053A29C /* GHRevealViewController.m */ = {isa = PBXFileReference; fileEncoding = 4; lastKnownFileType = sourcecode.c.objc; path = GHRevealViewController.m; sourceTree = "<group>"; };
		CA270D3D178979790053A29C /* GHSidebarSearchViewController.h */ = {isa = PBXFileReference; fileEncoding = 4; lastKnownFileType = sourcecode.c.h; path = GHSidebarSearchViewController.h; sourceTree = "<group>"; };
		CA270D3E178979790053A29C /* GHSidebarSearchViewController.m */ = {isa = PBXFileReference; fileEncoding = 4; lastKnownFileType = sourcecode.c.objc; path = GHSidebarSearchViewController.m; sourceTree = "<group>"; };
		CA270D3F1789797A0053A29C /* GHSidebarSearchViewControllerDelegate.h */ = {isa = PBXFileReference; fileEncoding = 4; lastKnownFileType = sourcecode.c.h; path = GHSidebarSearchViewControllerDelegate.h; sourceTree = "<group>"; };
		CA270D411789797A0053A29C /* searchBarBG.png */ = {isa = PBXFileReference; lastKnownFileType = image.png; path = searchBarBG.png; sourceTree = "<group>"; };
		CA270D421789797A0053A29C /* searchBarIcon.png */ = {isa = PBXFileReference; lastKnownFileType = image.png; path = searchBarIcon.png; sourceTree = "<group>"; };
		CA270D431789797A0053A29C /* searchBarIcon@2x.png */ = {isa = PBXFileReference; lastKnownFileType = image.png; path = "searchBarIcon@2x.png"; sourceTree = "<group>"; };
		CA270D441789797A0053A29C /* searchTextBG.png */ = {isa = PBXFileReference; lastKnownFileType = image.png; path = searchTextBG.png; sourceTree = "<group>"; };
		CA270D451789797A0053A29C /* user.png */ = {isa = PBXFileReference; lastKnownFileType = image.png; path = user.png; sourceTree = "<group>"; };
		CA270E6F17897AEE0053A29C /* AFHTTPClient.h */ = {isa = PBXFileReference; fileEncoding = 4; lastKnownFileType = sourcecode.c.h; path = AFHTTPClient.h; sourceTree = "<group>"; };
		CA270E7017897AEE0053A29C /* AFHTTPClient.m */ = {isa = PBXFileReference; fileEncoding = 4; lastKnownFileType = sourcecode.c.objc; path = AFHTTPClient.m; sourceTree = "<group>"; };
		CA270E7117897AEE0053A29C /* AFHTTPRequestOperation.h */ = {isa = PBXFileReference; fileEncoding = 4; lastKnownFileType = sourcecode.c.h; path = AFHTTPRequestOperation.h; sourceTree = "<group>"; };
		CA270E7217897AEE0053A29C /* AFHTTPRequestOperation.m */ = {isa = PBXFileReference; fileEncoding = 4; lastKnownFileType = sourcecode.c.objc; path = AFHTTPRequestOperation.m; sourceTree = "<group>"; };
		CA270E7317897AEE0053A29C /* AFImageRequestOperation.h */ = {isa = PBXFileReference; fileEncoding = 4; lastKnownFileType = sourcecode.c.h; path = AFImageRequestOperation.h; sourceTree = "<group>"; };
		CA270E7417897AEE0053A29C /* AFImageRequestOperation.m */ = {isa = PBXFileReference; fileEncoding = 4; lastKnownFileType = sourcecode.c.objc; path = AFImageRequestOperation.m; sourceTree = "<group>"; };
		CA270E7517897AEE0053A29C /* AFJSONRequestOperation.h */ = {isa = PBXFileReference; fileEncoding = 4; lastKnownFileType = sourcecode.c.h; path = AFJSONRequestOperation.h; sourceTree = "<group>"; };
		CA270E7617897AEE0053A29C /* AFJSONRequestOperation.m */ = {isa = PBXFileReference; fileEncoding = 4; lastKnownFileType = sourcecode.c.objc; path = AFJSONRequestOperation.m; sourceTree = "<group>"; };
		CA270E7717897AEE0053A29C /* AFNetworkActivityIndicatorManager.h */ = {isa = PBXFileReference; fileEncoding = 4; lastKnownFileType = sourcecode.c.h; path = AFNetworkActivityIndicatorManager.h; sourceTree = "<group>"; };
		CA270E7817897AEE0053A29C /* AFNetworkActivityIndicatorManager.m */ = {isa = PBXFileReference; fileEncoding = 4; lastKnownFileType = sourcecode.c.objc; path = AFNetworkActivityIndicatorManager.m; sourceTree = "<group>"; };
		CA270E7917897AEE0053A29C /* AFNetworking.h */ = {isa = PBXFileReference; fileEncoding = 4; lastKnownFileType = sourcecode.c.h; path = AFNetworking.h; sourceTree = "<group>"; };
		CA270E7A17897AEE0053A29C /* AFPropertyListRequestOperation.h */ = {isa = PBXFileReference; fileEncoding = 4; lastKnownFileType = sourcecode.c.h; path = AFPropertyListRequestOperation.h; sourceTree = "<group>"; };
		CA270E7B17897AEE0053A29C /* AFPropertyListRequestOperation.m */ = {isa = PBXFileReference; fileEncoding = 4; lastKnownFileType = sourcecode.c.objc; path = AFPropertyListRequestOperation.m; sourceTree = "<group>"; };
		CA270E7C17897AEE0053A29C /* AFURLConnectionOperation.h */ = {isa = PBXFileReference; fileEncoding = 4; lastKnownFileType = sourcecode.c.h; path = AFURLConnectionOperation.h; sourceTree = "<group>"; };
		CA270E7D17897AEE0053A29C /* AFURLConnectionOperation.m */ = {isa = PBXFileReference; fileEncoding = 4; lastKnownFileType = sourcecode.c.objc; path = AFURLConnectionOperation.m; sourceTree = "<group>"; };
		CA270E7E17897AEE0053A29C /* AFXMLRequestOperation.h */ = {isa = PBXFileReference; fileEncoding = 4; lastKnownFileType = sourcecode.c.h; path = AFXMLRequestOperation.h; sourceTree = "<group>"; };
		CA270E7F17897AEE0053A29C /* AFXMLRequestOperation.m */ = {isa = PBXFileReference; fileEncoding = 4; lastKnownFileType = sourcecode.c.objc; path = AFXMLRequestOperation.m; sourceTree = "<group>"; };
		CA270E8017897AEE0053A29C /* UIImageView+AFNetworking.h */ = {isa = PBXFileReference; fileEncoding = 4; lastKnownFileType = sourcecode.c.h; path = "UIImageView+AFNetworking.h"; sourceTree = "<group>"; };
		CA270E8117897AEE0053A29C /* UIImageView+AFNetworking.m */ = {isa = PBXFileReference; fileEncoding = 4; lastKnownFileType = sourcecode.c.objc; path = "UIImageView+AFNetworking.m"; sourceTree = "<group>"; };
		CA270E8B17897B010053A29C /* CFNetwork.framework */ = {isa = PBXFileReference; lastKnownFileType = wrapper.framework; name = CFNetwork.framework; path = System/Library/Frameworks/CFNetwork.framework; sourceTree = SDKROOT; };
		CA270E8D17897D650053A29C /* Security.framework */ = {isa = PBXFileReference; lastKnownFileType = wrapper.framework; name = Security.framework; path = System/Library/Frameworks/Security.framework; sourceTree = SDKROOT; };
		CA270E8F17897D6F0053A29C /* CoreLocation.framework */ = {isa = PBXFileReference; lastKnownFileType = wrapper.framework; name = CoreLocation.framework; path = System/Library/Frameworks/CoreLocation.framework; sourceTree = SDKROOT; };
		CA270E9117897D7A0053A29C /* SystemConfiguration.framework */ = {isa = PBXFileReference; lastKnownFileType = wrapper.framework; name = SystemConfiguration.framework; path = System/Library/Frameworks/SystemConfiguration.framework; sourceTree = SDKROOT; };
		CA270E9317897D800053A29C /* MobileCoreServices.framework */ = {isa = PBXFileReference; lastKnownFileType = wrapper.framework; name = MobileCoreServices.framework; path = System/Library/Frameworks/MobileCoreServices.framework; sourceTree = SDKROOT; };
		CA270E9617897E0C0053A29C /* JJRequestClient.h */ = {isa = PBXFileReference; fileEncoding = 4; lastKnownFileType = sourcecode.c.h; path = JJRequestClient.h; sourceTree = "<group>"; };
		CA270E9717897E0C0053A29C /* JJRequestClient.m */ = {isa = PBXFileReference; fileEncoding = 4; lastKnownFileType = sourcecode.c.objc; path = JJRequestClient.m; sourceTree = "<group>"; };
		CA270FD41789865C0053A29C /* Action.pb.h */ = {isa = PBXFileReference; fileEncoding = 4; lastKnownFileType = sourcecode.c.h; path = Action.pb.h; sourceTree = "<group>"; };
		CA270FD51789865C0053A29C /* Action.pb.m */ = {isa = PBXFileReference; fileEncoding = 4; lastKnownFileType = sourcecode.c.objc; path = Action.pb.m; sourceTree = "<group>"; };
		CA270FD61789865C0053A29C /* Basic.pb.h */ = {isa = PBXFileReference; fileEncoding = 4; lastKnownFileType = sourcecode.c.h; path = Basic.pb.h; sourceTree = "<group>"; };
		CA270FD71789865C0053A29C /* Basic.pb.m */ = {isa = PBXFileReference; fileEncoding = 4; lastKnownFileType = sourcecode.c.objc; path = Basic.pb.m; sourceTree = "<group>"; };
		CA270FD81789865C0053A29C /* Message.pb.h */ = {isa = PBXFileReference; fileEncoding = 4; lastKnownFileType = sourcecode.c.h; path = Message.pb.h; sourceTree = "<group>"; };
		CA270FD91789865C0053A29C /* Message.pb.m */ = {isa = PBXFileReference; fileEncoding = 4; lastKnownFileType = sourcecode.c.objc; path = Message.pb.m; sourceTree = "<group>"; };
		CA270FDA1789865C0053A29C /* Response.pb.h */ = {isa = PBXFileReference; fileEncoding = 4; lastKnownFileType = sourcecode.c.h; path = Response.pb.h; sourceTree = "<group>"; };
		CA270FDB1789865C0053A29C /* Response.pb.m */ = {isa = PBXFileReference; fileEncoding = 4; lastKnownFileType = sourcecode.c.objc; path = Response.pb.m; sourceTree = "<group>"; };
		CA270FDC1789865C0053A29C /* User.pb.h */ = {isa = PBXFileReference; fileEncoding = 4; lastKnownFileType = sourcecode.c.h; path = User.pb.h; sourceTree = "<group>"; };
		CA270FDD1789865C0053A29C /* User.pb.m */ = {isa = PBXFileReference; fileEncoding = 4; lastKnownFileType = sourcecode.c.objc; path = User.pb.m; sourceTree = "<group>"; };
		CA27104B17898BC60053A29C /* AbstractMessage.h */ = {isa = PBXFileReference; fileEncoding = 4; lastKnownFileType = sourcecode.c.h; path = AbstractMessage.h; sourceTree = "<group>"; };
		CA27104C17898BC60053A29C /* AbstractMessage.m */ = {isa = PBXFileReference; fileEncoding = 4; lastKnownFileType = sourcecode.c.objc; path = AbstractMessage.m; sourceTree = "<group>"; };
		CA27104D17898BC60053A29C /* AbstractMessage_Builder.h */ = {isa = PBXFileReference; fileEncoding = 4; lastKnownFileType = sourcecode.c.h; path = AbstractMessage_Builder.h; sourceTree = "<group>"; };
		CA27104E17898BC60053A29C /* AbstractMessage_Builder.m */ = {isa = PBXFileReference; fileEncoding = 4; lastKnownFileType = sourcecode.c.objc; path = AbstractMessage_Builder.m; sourceTree = "<group>"; };
		CA27104F17898BC60053A29C /* Bootstrap.h */ = {isa = PBXFileReference; fileEncoding = 4; lastKnownFileType = sourcecode.c.h; path = Bootstrap.h; sourceTree = "<group>"; };
		CA27105017898BC60053A29C /* CodedInputStream.h */ = {isa = PBXFileReference; fileEncoding = 4; lastKnownFileType = sourcecode.c.h; path = CodedInputStream.h; sourceTree = "<group>"; };
		CA27105117898BC60053A29C /* CodedInputStream.m */ = {isa = PBXFileReference; fileEncoding = 4; lastKnownFileType = sourcecode.c.objc; path = CodedInputStream.m; sourceTree = "<group>"; };
		CA27105217898BC60053A29C /* CodedOutputStream.h */ = {isa = PBXFileReference; fileEncoding = 4; lastKnownFileType = sourcecode.c.h; path = CodedOutputStream.h; sourceTree = "<group>"; };
		CA27105317898BC60053A29C /* CodedOutputStream.m */ = {isa = PBXFileReference; fileEncoding = 4; lastKnownFileType = sourcecode.c.objc; path = CodedOutputStream.m; sourceTree = "<group>"; };
		CA27105417898BC60053A29C /* ConcreteExtensionField.h */ = {isa = PBXFileReference; fileEncoding = 4; lastKnownFileType = sourcecode.c.h; path = ConcreteExtensionField.h; sourceTree = "<group>"; };
		CA27105517898BC60053A29C /* ConcreteExtensionField.m */ = {isa = PBXFileReference; fileEncoding = 4; lastKnownFileType = sourcecode.c.objc; path = ConcreteExtensionField.m; sourceTree = "<group>"; };
		CA27105617898BC60053A29C /* ExtendableMessage.h */ = {isa = PBXFileReference; fileEncoding = 4; lastKnownFileType = sourcecode.c.h; path = ExtendableMessage.h; sourceTree = "<group>"; };
		CA27105717898BC60053A29C /* ExtendableMessage.m */ = {isa = PBXFileReference; fileEncoding = 4; lastKnownFileType = sourcecode.c.objc; path = ExtendableMessage.m; sourceTree = "<group>"; };
		CA27105817898BC60053A29C /* ExtendableMessage_Builder.h */ = {isa = PBXFileReference; fileEncoding = 4; lastKnownFileType = sourcecode.c.h; path = ExtendableMessage_Builder.h; sourceTree = "<group>"; };
		CA27105917898BC60053A29C /* ExtendableMessage_Builder.m */ = {isa = PBXFileReference; fileEncoding = 4; lastKnownFileType = sourcecode.c.objc; path = ExtendableMessage_Builder.m; sourceTree = "<group>"; };
		CA27105A17898BC60053A29C /* ExtensionField.h */ = {isa = PBXFileReference; fileEncoding = 4; lastKnownFileType = sourcecode.c.h; path = ExtensionField.h; sourceTree = "<group>"; };
		CA27105B17898BC60053A29C /* ExtensionRegistry.h */ = {isa = PBXFileReference; fileEncoding = 4; lastKnownFileType = sourcecode.c.h; path = ExtensionRegistry.h; sourceTree = "<group>"; };
		CA27105C17898BC60053A29C /* ExtensionRegistry.m */ = {isa = PBXFileReference; fileEncoding = 4; lastKnownFileType = sourcecode.c.objc; path = ExtensionRegistry.m; sourceTree = "<group>"; };
		CA27105D17898BC60053A29C /* Field.h */ = {isa = PBXFileReference; fileEncoding = 4; lastKnownFileType = sourcecode.c.h; path = Field.h; sourceTree = "<group>"; };
		CA27105E17898BC60053A29C /* Field.m */ = {isa = PBXFileReference; fileEncoding = 4; lastKnownFileType = sourcecode.c.objc; path = Field.m; sourceTree = "<group>"; };
		CA27105F17898BC60053A29C /* ForwardDeclarations.h */ = {isa = PBXFileReference; fileEncoding = 4; lastKnownFileType = sourcecode.c.h; path = ForwardDeclarations.h; sourceTree = "<group>"; };
		CA27106017898BC60053A29C /* GeneratedMessage.h */ = {isa = PBXFileReference; fileEncoding = 4; lastKnownFileType = sourcecode.c.h; path = GeneratedMessage.h; sourceTree = "<group>"; };
		CA27106117898BC60053A29C /* GeneratedMessage.m */ = {isa = PBXFileReference; fileEncoding = 4; lastKnownFileType = sourcecode.c.objc; path = GeneratedMessage.m; sourceTree = "<group>"; };
		CA27106217898BC60053A29C /* GeneratedMessage_Builder.h */ = {isa = PBXFileReference; fileEncoding = 4; lastKnownFileType = sourcecode.c.h; path = GeneratedMessage_Builder.h; sourceTree = "<group>"; };
		CA27106317898BC60053A29C /* GeneratedMessage_Builder.m */ = {isa = PBXFileReference; fileEncoding = 4; lastKnownFileType = sourcecode.c.objc; path = GeneratedMessage_Builder.m; sourceTree = "<group>"; };
		CA27106417898BC60053A29C /* Main.m */ = {isa = PBXFileReference; fileEncoding = 4; lastKnownFileType = sourcecode.c.objc; path = Main.m; sourceTree = "<group>"; };
		CA27106517898BC60053A29C /* Message.h */ = {isa = PBXFileReference; fileEncoding = 4; lastKnownFileType = sourcecode.c.h; path = Message.h; sourceTree = "<group>"; };
		CA27106617898BC60053A29C /* Message_Builder.h */ = {isa = PBXFileReference; fileEncoding = 4; lastKnownFileType = sourcecode.c.h; path = Message_Builder.h; sourceTree = "<group>"; };
		CA27106717898BC60053A29C /* MutableExtensionRegistry.h */ = {isa = PBXFileReference; fileEncoding = 4; lastKnownFileType = sourcecode.c.h; path = MutableExtensionRegistry.h; sourceTree = "<group>"; };
		CA27106817898BC60053A29C /* MutableExtensionRegistry.m */ = {isa = PBXFileReference; fileEncoding = 4; lastKnownFileType = sourcecode.c.objc; path = MutableExtensionRegistry.m; sourceTree = "<group>"; };
		CA27106917898BC60053A29C /* MutableField.h */ = {isa = PBXFileReference; fileEncoding = 4; lastKnownFileType = sourcecode.c.h; path = MutableField.h; sourceTree = "<group>"; };
		CA27106A17898BC60053A29C /* MutableField.m */ = {isa = PBXFileReference; fileEncoding = 4; lastKnownFileType = sourcecode.c.objc; path = MutableField.m; sourceTree = "<group>"; };
		CA27106B17898BC60053A29C /* ProtocolBuffers.h */ = {isa = PBXFileReference; fileEncoding = 4; lastKnownFileType = sourcecode.c.h; path = ProtocolBuffers.h; sourceTree = "<group>"; };
		CA27106C17898BC60053A29C /* TextFormat.h */ = {isa = PBXFileReference; fileEncoding = 4; lastKnownFileType = sourcecode.c.h; path = TextFormat.h; sourceTree = "<group>"; };
		CA27106D17898BC60053A29C /* TextFormat.m */ = {isa = PBXFileReference; fileEncoding = 4; lastKnownFileType = sourcecode.c.objc; path = TextFormat.m; sourceTree = "<group>"; };
		CA27106E17898BC60053A29C /* UnknownFieldSet.h */ = {isa = PBXFileReference; fileEncoding = 4; lastKnownFileType = sourcecode.c.h; path = UnknownFieldSet.h; sourceTree = "<group>"; };
		CA27106F17898BC60053A29C /* UnknownFieldSet.m */ = {isa = PBXFileReference; fileEncoding = 4; lastKnownFileType = sourcecode.c.objc; path = UnknownFieldSet.m; sourceTree = "<group>"; };
		CA27107017898BC60053A29C /* UnknownFieldSet_Builder.h */ = {isa = PBXFileReference; fileEncoding = 4; lastKnownFileType = sourcecode.c.h; path = UnknownFieldSet_Builder.h; sourceTree = "<group>"; };
		CA27107117898BC60053A29C /* UnknownFieldSet_Builder.m */ = {isa = PBXFileReference; fileEncoding = 4; lastKnownFileType = sourcecode.c.objc; path = UnknownFieldSet_Builder.m; sourceTree = "<group>"; };
		CA27107217898BC60053A29C /* Utilities.h */ = {isa = PBXFileReference; fileEncoding = 4; lastKnownFileType = sourcecode.c.h; path = Utilities.h; sourceTree = "<group>"; };
		CA27107317898BC60053A29C /* Utilities.m */ = {isa = PBXFileReference; fileEncoding = 4; lastKnownFileType = sourcecode.c.objc; path = Utilities.m; sourceTree = "<group>"; };
		CA27107417898BC60053A29C /* WireFormat.h */ = {isa = PBXFileReference; fileEncoding = 4; lastKnownFileType = sourcecode.c.h; path = WireFormat.h; sourceTree = "<group>"; };
		CA27107517898BC60053A29C /* WireFormat.m */ = {isa = PBXFileReference; fileEncoding = 4; lastKnownFileType = sourcecode.c.objc; path = WireFormat.m; sourceTree = "<group>"; };
		CA27107617898BC60053A29C /* ProtocolBuffers.xcodeproj */ = {isa = PBXFileReference; lastKnownFileType = "wrapper.pb-project"; path = ProtocolBuffers.xcodeproj; sourceTree = "<group>"; };
		CA2710901789D5AE0053A29C /* libMobClickLibrary.a */ = {isa = PBXFileReference; lastKnownFileType = archive.ar; path = libMobClickLibrary.a; sourceTree = "<group>"; };
		CA2710911789D5AE0053A29C /* MobClick.h */ = {isa = PBXFileReference; fileEncoding = 4; lastKnownFileType = sourcecode.c.h; path = MobClick.h; sourceTree = "<group>"; };
		CA2710931789D5F60053A29C /* libz.dylib */ = {isa = PBXFileReference; lastKnownFileType = "compiled.mach-o.dylib"; name = libz.dylib; path = usr/lib/libz.dylib; sourceTree = SDKROOT; };
		CAA75C521789D8750041C019 /* AppManager.h */ = {isa = PBXFileReference; fileEncoding = 4; lastKnownFileType = sourcecode.c.h; path = AppManager.h; sourceTree = "<group>"; };
		CAA75C531789D8750041C019 /* AppManager.m */ = {isa = PBXFileReference; fileEncoding = 4; lastKnownFileType = sourcecode.c.objc; path = AppManager.m; sourceTree = "<group>"; };
		CACEC2A6178B0CCF00D88643 /* DateUtil.h */ = {isa = PBXFileReference; fileEncoding = 4; lastKnownFileType = sourcecode.c.h; path = DateUtil.h; sourceTree = "<group>"; };
		CACEC2A7178B0CCF00D88643 /* DateUtil.m */ = {isa = PBXFileReference; fileEncoding = 4; lastKnownFileType = sourcecode.c.objc; path = DateUtil.m; sourceTree = "<group>"; };
		CACEC2A8178B0CCF00D88643 /* PointUtil.h */ = {isa = PBXFileReference; fileEncoding = 4; lastKnownFileType = sourcecode.c.h; path = PointUtil.h; sourceTree = "<group>"; };
		CACEC2A9178B0CCF00D88643 /* PointUtil.m */ = {isa = PBXFileReference; fileEncoding = 4; lastKnownFileType = sourcecode.c.objc; path = PointUtil.m; sourceTree = "<group>"; };
		CACEC2AA178B0CCF00D88643 /* RectUtil.h */ = {isa = PBXFileReference; fileEncoding = 4; lastKnownFileType = sourcecode.c.h; path = RectUtil.h; sourceTree = "<group>"; };
		CACEC2AB178B0CCF00D88643 /* RectUtil.m */ = {isa = PBXFileReference; fileEncoding = 4; lastKnownFileType = sourcecode.c.objc; path = RectUtil.m; sourceTree = "<group>"; };
		CACEC2AC178B0CCF00D88643 /* StringUtil.h */ = {isa = PBXFileReference; fileEncoding = 4; lastKnownFileType = sourcecode.c.h; path = StringUtil.h; sourceTree = "<group>"; };
		CACEC2AD178B0CCF00D88643 /* StringUtil.m */ = {isa = PBXFileReference; fileEncoding = 4; lastKnownFileType = sourcecode.c.objc; path = StringUtil.m; sourceTree = "<group>"; };
		CACEC2B4178B0DEF00D88643 /* JJService.h */ = {isa = PBXFileReference; fileEncoding = 4; lastKnownFileType = sourcecode.c.h; path = JJService.h; sourceTree = "<group>"; };
		CACEC2B5178B0DEF00D88643 /* JJService.m */ = {isa = PBXFileReference; fileEncoding = 4; lastKnownFileType = sourcecode.c.objc; path = JJService.m; sourceTree = "<group>"; };
		CACEC2B7178B136600D88643 /* UserService.h */ = {isa = PBXFileReference; fileEncoding = 4; lastKnownFileType = sourcecode.c.h; path = UserService.h; sourceTree = "<group>"; };
		CACEC2B8178B136600D88643 /* UserService.m */ = {isa = PBXFileReference; fileEncoding = 4; lastKnownFileType = sourcecode.c.objc; path = UserService.m; sourceTree = "<group>"; };
		CACEC373178C291D00D88643 /* JJModel.h */ = {isa = PBXFileReference; fileEncoding = 4; lastKnownFileType = sourcecode.c.h; path = JJModel.h; sourceTree = "<group>"; };
		CACEC374178C291D00D88643 /* JJModel.m */ = {isa = PBXFileReference; fileEncoding = 4; lastKnownFileType = sourcecode.c.objc; path = JJModel.m; sourceTree = "<group>"; };
		CACEC377178C293200D88643 /* ActionManager.h */ = {isa = PBXFileReference; fileEncoding = 4; lastKnownFileType = sourcecode.c.h; path = ActionManager.h; sourceTree = "<group>"; };
		CACEC378178C293200D88643 /* ActionManager.m */ = {isa = PBXFileReference; fileEncoding = 4; lastKnownFileType = sourcecode.c.objc; path = ActionManager.m; sourceTree = "<group>"; };
		CACEC37A178C293200D88643 /* ImageManager.h */ = {isa = PBXFileReference; fileEncoding = 4; lastKnownFileType = sourcecode.c.h; path = ImageManager.h; sourceTree = "<group>"; };
		CACEC37B178C293200D88643 /* ImageManager.m */ = {isa = PBXFileReference; fileEncoding = 4; lastKnownFileType = sourcecode.c.objc; path = ImageManager.m; sourceTree = "<group>"; };
		CACEC37C178C293200D88643 /* JJManager.h */ = {isa = PBXFileReference; fileEncoding = 4; lastKnownFileType = sourcecode.c.h; path = JJManager.h; sourceTree = "<group>"; };
		CACEC37D178C293200D88643 /* JJManager.m */ = {isa = PBXFileReference; fileEncoding = 4; lastKnownFileType = sourcecode.c.objc; path = JJManager.m; sourceTree = "<group>"; };
		CACEC37E178C293200D88643 /* RelationManager.h */ = {isa = PBXFileReference; fileEncoding = 4; lastKnownFileType = sourcecode.c.h; path = RelationManager.h; sourceTree = "<group>"; };
		CACEC37F178C293200D88643 /* RelationManager.m */ = {isa = PBXFileReference; fileEncoding = 4; lastKnownFileType = sourcecode.c.objc; path = RelationManager.m; sourceTree = "<group>"; };
		CACEC380178C293200D88643 /* UserManager.h */ = {isa = PBXFileReference; fileEncoding = 4; lastKnownFileType = sourcecode.c.h; path = UserManager.h; sourceTree = "<group>"; };
		CACEC381178C293200D88643 /* UserManager.m */ = {isa = PBXFileReference; fileEncoding = 4; lastKnownFileType = sourcecode.c.objc; path = UserManager.m; sourceTree = "<group>"; };
		CACEC388178C2A5200D88643 /* ConfigManager.h */ = {isa = PBXFileReference; fileEncoding = 4; lastKnownFileType = sourcecode.c.h; path = ConfigManager.h; sourceTree = "<group>"; };
		CACEC389178C2A5300D88643 /* ConfigManager.m */ = {isa = PBXFileReference; fileEncoding = 4; lastKnownFileType = sourcecode.c.objc; path = ConfigManager.m; sourceTree = "<group>"; };
/* End PBXFileReference section */

/* Begin PBXFrameworksBuildPhase section */
		CA270CBE178974120053A29C /* Frameworks */ = {
			isa = PBXFrameworksBuildPhase;
			buildActionMask = 2147483647;
			files = (
				CA2710941789D5F60053A29C /* libz.dylib in Frameworks */,
				CA270E9417897D800053A29C /* MobileCoreServices.framework in Frameworks */,
				CA270E9217897D7A0053A29C /* SystemConfiguration.framework in Frameworks */,
				CA270E9017897D6F0053A29C /* CoreLocation.framework in Frameworks */,
				CA270E8E17897D650053A29C /* Security.framework in Frameworks */,
				CA270E8C17897B010053A29C /* CFNetwork.framework in Frameworks */,
				CA270D07178975410053A29C /* QuartzCore.framework in Frameworks */,
				CA270CC9178974120053A29C /* CoreGraphics.framework in Frameworks */,
				CA270CC5178974120053A29C /* UIKit.framework in Frameworks */,
				CA270CC7178974120053A29C /* Foundation.framework in Frameworks */,
				CA2710921789D5AE0053A29C /* libMobClickLibrary.a in Frameworks */,
			);
			runOnlyForDeploymentPostprocessing = 0;
		};
/* End PBXFrameworksBuildPhase section */

/* Begin PBXGroup section */
		CA270CB8178974120053A29C = {
			isa = PBXGroup;
			children = (
				CA2710931789D5F60053A29C /* libz.dylib */,
				CA270E9517897D980053A29C /* Frameworks */,
				CA270D30178979790053A29C /* Common_iPhone */,
				CA270D0D178979390053A29C /* JuJu */,
				CA270D22178979390053A29C /* JuJu-Info.plist */,
				CA270D23178979390053A29C /* JuJu-Prefix.pch */,
				CA270D24178979390053A29C /* main.m */,
				CA270D0B178979390053A29C /* JJAppDelegate.h */,
				CA270D0C178979390053A29C /* JJAppDelegate.m */,
				CAA75C521789D8750041C019 /* AppManager.h */,
				CAA75C531789D8750041C019 /* AppManager.m */,
				CA270D08178979390053A29C /* en.lproj */,
				CA270D06178975410053A29C /* QuartzCore.framework */,
				CA270CC3178974120053A29C /* Frameworks */,
				CA270CC2178974120053A29C /* Products */,
			);
			sourceTree = "<group>";
		};
		CA270CC2178974120053A29C /* Products */ = {
			isa = PBXGroup;
			children = (
				CA270CC1178974120053A29C /* JuJu.app */,
			);
			name = Products;
			sourceTree = "<group>";
		};
		CA270CC3178974120053A29C /* Frameworks */ = {
			isa = PBXGroup;
			children = (
				CA270CC4178974120053A29C /* UIKit.framework */,
				CA270CC6178974120053A29C /* Foundation.framework */,
				CA270CC8178974120053A29C /* CoreGraphics.framework */,
			);
			name = Frameworks;
			sourceTree = "<group>";
		};
		CA270D08178979390053A29C /* en.lproj */ = {
			isa = PBXGroup;
			children = (
				CA270D09178979390053A29C /* InfoPlist.strings */,
			);
			path = en.lproj;
			sourceTree = "<group>";
		};
		CA270D0D178979390053A29C /* JuJu */ = {
			isa = PBXGroup;
			children = (
				CACEC376178C293200D88643 /* Manager */,
				CA270D0E178979390053A29C /* Controllers */,
				CA270D15178979390053A29C /* Models */,
				CA270D16178979390053A29C /* Network */,
				CA270D17178979390053A29C /* Resource */,
				CA270D1E178979390053A29C /* Service */,
				CA270D1F178979390053A29C /* Views */,
			);
			path = JuJu;
			sourceTree = "<group>";
		};
		CA270D0E178979390053A29C /* Controllers */ = {
			isa = PBXGroup;
			children = (
				CA270D0F178979390053A29C /* JJMenuViewController.h */,
				CA270D10178979390053A29C /* JJMenuViewController.m */,
				CA270D13178979390053A29C /* JJRootViewController.h */,
				CA270D14178979390053A29C /* JJRootViewController.m */,
			);
			path = Controllers;
			sourceTree = "<group>";
		};
		CA270D15178979390053A29C /* Models */ = {
			isa = PBXGroup;
			children = (
				CACEC373178C291D00D88643 /* JJModel.h */,
				CACEC374178C291D00D88643 /* JJModel.m */,
				CA270FD31789865C0053A29C /* PBModels */,
			);
			path = Models;
			sourceTree = "<group>";
		};
		CA270D16178979390053A29C /* Network */ = {
			isa = PBXGroup;
			children = (
				CA270E9617897E0C0053A29C /* JJRequestClient.h */,
				CA270E9717897E0C0053A29C /* JJRequestClient.m */,
			);
			path = Network;
			sourceTree = "<group>";
		};
		CA270D17178979390053A29C /* Resource */ = {
			isa = PBXGroup;
			children = (
				CA270D18178979390053A29C /* Data */,
				CA270D19178979390053A29C /* Image */,
				CA270D1D178979390053A29C /* Sound */,
			);
			path = Resource;
			sourceTree = "<group>";
		};
		CA270D18178979390053A29C /* Data */ = {
			isa = PBXGroup;
			children = (
			);
			path = Data;
			sourceTree = "<group>";
		};
		CA270D19178979390053A29C /* Image */ = {
			isa = PBXGroup;
			children = (
				CA270D1A178979390053A29C /* Default-568h@2x.png */,
				CA270D1B178979390053A29C /* Default.png */,
				CA270D1C178979390053A29C /* Default@2x.png */,
			);
			path = Image;
			sourceTree = "<group>";
		};
		CA270D1D178979390053A29C /* Sound */ = {
			isa = PBXGroup;
			children = (
			);
			path = Sound;
			sourceTree = "<group>";
		};
		CA270D1E178979390053A29C /* Service */ = {
			isa = PBXGroup;
			children = (
				CACEC2B4178B0DEF00D88643 /* JJService.h */,
				CACEC2B5178B0DEF00D88643 /* JJService.m */,
				CACEC2B7178B136600D88643 /* UserService.h */,
				CACEC2B8178B136600D88643 /* UserService.m */,
			);
			path = Service;
			sourceTree = "<group>";
		};
		CA270D1F178979390053A29C /* Views */ = {
			isa = PBXGroup;
			children = (
				CA270D20178979390053A29C /* JJMenuCell.h */,
				CA270D21178979390053A29C /* JJMenuCell.m */,
			);
			path = Views;
			sourceTree = "<group>";
		};
		CA270D30178979790053A29C /* Common_iPhone */ = {
			isa = PBXGroup;
			children = (
				CA270D31178979790053A29C /* Component */,
				CA270D38178979790053A29C /* Core */,
			);
			name = Common_iPhone;
			path = ../Common_iPhone;
			sourceTree = "<group>";
		};
		CA270D31178979790053A29C /* Component */ = {
			isa = PBXGroup;
			children = (
				CA270D32178979790053A29C /* Controllers */,
				CA270D33178979790053A29C /* Data */,
				CA270D34178979790053A29C /* Misc */,
				CA270D35178979790053A29C /* Network */,
				CA270D36178979790053A29C /* Utils */,
				CA270D37178979790053A29C /* Views */,
			);
			path = Component;
			sourceTree = "<group>";
		};
		CA270D32178979790053A29C /* Controllers */ = {
			isa = PBXGroup;
			children = (
			);
			path = Controllers;
			sourceTree = "<group>";
		};
		CA270D33178979790053A29C /* Data */ = {
			isa = PBXGroup;
			children = (
			);
			path = Data;
			sourceTree = "<group>";
		};
		CA270D34178979790053A29C /* Misc */ = {
			isa = PBXGroup;
			children = (
			);
			path = Misc;
			sourceTree = "<group>";
		};
		CA270D35178979790053A29C /* Network */ = {
			isa = PBXGroup;
			children = (
			);
			path = Network;
			sourceTree = "<group>";
		};
		CA270D36178979790053A29C /* Utils */ = {
			isa = PBXGroup;
			children = (
			);
			path = Utils;
			sourceTree = "<group>";
		};
		CA270D37178979790053A29C /* Views */ = {
			isa = PBXGroup;
			children = (
			);
			path = Views;
			sourceTree = "<group>";
		};
		CA270D38178979790053A29C /* Core */ = {
			isa = PBXGroup;
			children = (
				CA27108E1789D5AE0053A29C /* SDK */,
				CA270D39178979790053A29C /* Controllers */,
				CA270D461789797A0053A29C /* Data */,
				CA270D471789797A0053A29C /* Misc */,
				CA270D481789797A0053A29C /* Network */,
				CA270DE81789797B0053A29C /* Utils */,
				CA270DE91789797B0053A29C /* Views */,
			);
			path = Core;
			sourceTree = "<group>";
		};
		CA270D39178979790053A29C /* Controllers */ = {
			isa = PBXGroup;
			children = (
				CA270D3A178979790053A29C /* GHSidebarNav */,
			);
			path = Controllers;
			sourceTree = "<group>";
		};
		CA270D3A178979790053A29C /* GHSidebarNav */ = {
			isa = PBXGroup;
			children = (
				CA270D3B178979790053A29C /* GHRevealViewController.h */,
				CA270D3C178979790053A29C /* GHRevealViewController.m */,
				CA270D3D178979790053A29C /* GHSidebarSearchViewController.h */,
				CA270D3E178979790053A29C /* GHSidebarSearchViewController.m */,
				CA270D3F1789797A0053A29C /* GHSidebarSearchViewControllerDelegate.h */,
				CA270D401789797A0053A29C /* Images */,
			);
			path = GHSidebarNav;
			sourceTree = "<group>";
		};
		CA270D401789797A0053A29C /* Images */ = {
			isa = PBXGroup;
			children = (
				CA270D411789797A0053A29C /* searchBarBG.png */,
				CA270D421789797A0053A29C /* searchBarIcon.png */,
				CA270D431789797A0053A29C /* searchBarIcon@2x.png */,
				CA270D441789797A0053A29C /* searchTextBG.png */,
				CA270D451789797A0053A29C /* user.png */,
			);
			path = Images;
			sourceTree = "<group>";
		};
		CA270D461789797A0053A29C /* Data */ = {
			isa = PBXGroup;
			children = (
				CA270E99178983030053A29C /* ProtoBuf */,
			);
			path = Data;
			sourceTree = "<group>";
		};
		CA270D471789797A0053A29C /* Misc */ = {
			isa = PBXGroup;
			children = (
			);
			path = Misc;
			sourceTree = "<group>";
		};
		CA270D481789797A0053A29C /* Network */ = {
			isa = PBXGroup;
			children = (
				CA270E6E17897AEE0053A29C /* AFNetworking */,
			);
			path = Network;
			sourceTree = "<group>";
		};
		CA270DE81789797B0053A29C /* Utils */ = {
			isa = PBXGroup;
			children = (
				CACEC2A6178B0CCF00D88643 /* DateUtil.h */,
				CACEC2A7178B0CCF00D88643 /* DateUtil.m */,
				CACEC2A8178B0CCF00D88643 /* PointUtil.h */,
				CACEC2A9178B0CCF00D88643 /* PointUtil.m */,
				CACEC2AA178B0CCF00D88643 /* RectUtil.h */,
				CACEC2AB178B0CCF00D88643 /* RectUtil.m */,
				CACEC2AC178B0CCF00D88643 /* StringUtil.h */,
				CACEC2AD178B0CCF00D88643 /* StringUtil.m */,
			);
			path = Utils;
			sourceTree = "<group>";
		};
		CA270DE91789797B0053A29C /* Views */ = {
			isa = PBXGroup;
			children = (
			);
			path = Views;
			sourceTree = "<group>";
		};
		CA270E6E17897AEE0053A29C /* AFNetworking */ = {
			isa = PBXGroup;
			children = (
				CA270E6F17897AEE0053A29C /* AFHTTPClient.h */,
				CA270E7017897AEE0053A29C /* AFHTTPClient.m */,
				CA270E7117897AEE0053A29C /* AFHTTPRequestOperation.h */,
				CA270E7217897AEE0053A29C /* AFHTTPRequestOperation.m */,
				CA270E7317897AEE0053A29C /* AFImageRequestOperation.h */,
				CA270E7417897AEE0053A29C /* AFImageRequestOperation.m */,
				CA270E7517897AEE0053A29C /* AFJSONRequestOperation.h */,
				CA270E7617897AEE0053A29C /* AFJSONRequestOperation.m */,
				CA270E7717897AEE0053A29C /* AFNetworkActivityIndicatorManager.h */,
				CA270E7817897AEE0053A29C /* AFNetworkActivityIndicatorManager.m */,
				CA270E7917897AEE0053A29C /* AFNetworking.h */,
				CA270E7A17897AEE0053A29C /* AFPropertyListRequestOperation.h */,
				CA270E7B17897AEE0053A29C /* AFPropertyListRequestOperation.m */,
				CA270E7C17897AEE0053A29C /* AFURLConnectionOperation.h */,
				CA270E7D17897AEE0053A29C /* AFURLConnectionOperation.m */,
				CA270E7E17897AEE0053A29C /* AFXMLRequestOperation.h */,
				CA270E7F17897AEE0053A29C /* AFXMLRequestOperation.m */,
				CA270E8017897AEE0053A29C /* UIImageView+AFNetworking.h */,
				CA270E8117897AEE0053A29C /* UIImageView+AFNetworking.m */,
			);
			path = AFNetworking;
			sourceTree = "<group>";
		};
		CA270E9517897D980053A29C /* Frameworks */ = {
			isa = PBXGroup;
			children = (
				CA270E9317897D800053A29C /* MobileCoreServices.framework */,
				CA270E9117897D7A0053A29C /* SystemConfiguration.framework */,
				CA270E8F17897D6F0053A29C /* CoreLocation.framework */,
				CA270E8D17897D650053A29C /* Security.framework */,
				CA270E8B17897B010053A29C /* CFNetwork.framework */,
			);
			name = Frameworks;
			sourceTree = "<group>";
		};
		CA270E99178983030053A29C /* ProtoBuf */ = {
			isa = PBXGroup;
			children = (
				CA27104A17898BC60053A29C /* Classes */,
				CA27107617898BC60053A29C /* ProtocolBuffers.xcodeproj */,
			);
			path = ProtoBuf;
			sourceTree = "<group>";
		};
		CA270FD31789865C0053A29C /* PBModels */ = {
			isa = PBXGroup;
			children = (
				CA270FD41789865C0053A29C /* Action.pb.h */,
				CA270FD51789865C0053A29C /* Action.pb.m */,
				CA270FD61789865C0053A29C /* Basic.pb.h */,
				CA270FD71789865C0053A29C /* Basic.pb.m */,
				CA270FD81789865C0053A29C /* Message.pb.h */,
				CA270FD91789865C0053A29C /* Message.pb.m */,
				CA270FDA1789865C0053A29C /* Response.pb.h */,
				CA270FDB1789865C0053A29C /* Response.pb.m */,
				CA270FDC1789865C0053A29C /* User.pb.h */,
				CA270FDD1789865C0053A29C /* User.pb.m */,
			);
			path = PBModels;
			sourceTree = "<group>";
		};
		CA27104A17898BC60053A29C /* Classes */ = {
			isa = PBXGroup;
			children = (
				CA27104B17898BC60053A29C /* AbstractMessage.h */,
				CA27104C17898BC60053A29C /* AbstractMessage.m */,
				CA27104D17898BC60053A29C /* AbstractMessage_Builder.h */,
				CA27104E17898BC60053A29C /* AbstractMessage_Builder.m */,
				CA27104F17898BC60053A29C /* Bootstrap.h */,
				CA27105017898BC60053A29C /* CodedInputStream.h */,
				CA27105117898BC60053A29C /* CodedInputStream.m */,
				CA27105217898BC60053A29C /* CodedOutputStream.h */,
				CA27105317898BC60053A29C /* CodedOutputStream.m */,
				CA27105417898BC60053A29C /* ConcreteExtensionField.h */,
				CA27105517898BC60053A29C /* ConcreteExtensionField.m */,
				CA27105617898BC60053A29C /* ExtendableMessage.h */,
				CA27105717898BC60053A29C /* ExtendableMessage.m */,
				CA27105817898BC60053A29C /* ExtendableMessage_Builder.h */,
				CA27105917898BC60053A29C /* ExtendableMessage_Builder.m */,
				CA27105A17898BC60053A29C /* ExtensionField.h */,
				CA27105B17898BC60053A29C /* ExtensionRegistry.h */,
				CA27105C17898BC60053A29C /* ExtensionRegistry.m */,
				CA27105D17898BC60053A29C /* Field.h */,
				CA27105E17898BC60053A29C /* Field.m */,
				CA27105F17898BC60053A29C /* ForwardDeclarations.h */,
				CA27106017898BC60053A29C /* GeneratedMessage.h */,
				CA27106117898BC60053A29C /* GeneratedMessage.m */,
				CA27106217898BC60053A29C /* GeneratedMessage_Builder.h */,
				CA27106317898BC60053A29C /* GeneratedMessage_Builder.m */,
				CA27106417898BC60053A29C /* Main.m */,
				CA27106517898BC60053A29C /* Message.h */,
				CA27106617898BC60053A29C /* Message_Builder.h */,
				CA27106717898BC60053A29C /* MutableExtensionRegistry.h */,
				CA27106817898BC60053A29C /* MutableExtensionRegistry.m */,
				CA27106917898BC60053A29C /* MutableField.h */,
				CA27106A17898BC60053A29C /* MutableField.m */,
				CA27106B17898BC60053A29C /* ProtocolBuffers.h */,
				CA27106C17898BC60053A29C /* TextFormat.h */,
				CA27106D17898BC60053A29C /* TextFormat.m */,
				CA27106E17898BC60053A29C /* UnknownFieldSet.h */,
				CA27106F17898BC60053A29C /* UnknownFieldSet.m */,
				CA27107017898BC60053A29C /* UnknownFieldSet_Builder.h */,
				CA27107117898BC60053A29C /* UnknownFieldSet_Builder.m */,
				CA27107217898BC60053A29C /* Utilities.h */,
				CA27107317898BC60053A29C /* Utilities.m */,
				CA27107417898BC60053A29C /* WireFormat.h */,
				CA27107517898BC60053A29C /* WireFormat.m */,
			);
			path = Classes;
			sourceTree = "<group>";
		};
		CA27107717898BC60053A29C /* Products */ = {
			isa = PBXGroup;
			children = (
			);
			name = Products;
			sourceTree = "<group>";
		};
		CA27108E1789D5AE0053A29C /* SDK */ = {
			isa = PBXGroup;
			children = (
				CA27108F1789D5AE0053A29C /* UmengSDK */,
			);
			path = SDK;
			sourceTree = "<group>";
		};
		CA27108F1789D5AE0053A29C /* UmengSDK */ = {
			isa = PBXGroup;
			children = (
				CA2710901789D5AE0053A29C /* libMobClickLibrary.a */,
				CA2710911789D5AE0053A29C /* MobClick.h */,
			);
			path = UmengSDK;
			sourceTree = "<group>";
		};
		CACEC376178C293200D88643 /* Manager */ = {
			isa = PBXGroup;
			children = (
				CACEC37C178C293200D88643 /* JJManager.h */,
				CACEC37D178C293200D88643 /* JJManager.m */,
				CACEC380178C293200D88643 /* UserManager.h */,
				CACEC381178C293200D88643 /* UserManager.m */,
				CACEC388178C2A5200D88643 /* ConfigManager.h */,
				CACEC389178C2A5300D88643 /* ConfigManager.m */,
				CACEC377178C293200D88643 /* ActionManager.h */,
				CACEC378178C293200D88643 /* ActionManager.m */,
				CACEC37A178C293200D88643 /* ImageManager.h */,
				CACEC37B178C293200D88643 /* ImageManager.m */,
				CACEC37E178C293200D88643 /* RelationManager.h */,
				CACEC37F178C293200D88643 /* RelationManager.m */,
			);
			path = Manager;
			sourceTree = "<group>";
		};
/* End PBXGroup section */

/* Begin PBXNativeTarget section */
		CA270CC0178974120053A29C /* JuJu */ = {
			isa = PBXNativeTarget;
			buildConfigurationList = CA270CDE178974120053A29C /* Build configuration list for PBXNativeTarget "JuJu" */;
			buildPhases = (
				CA270CBD178974120053A29C /* Sources */,
				CA270CBE178974120053A29C /* Frameworks */,
				CA270CBF178974120053A29C /* Resources */,
			);
			buildRules = (
			);
			dependencies = (
			);
			name = JuJu;
			productName = JuJu;
			productReference = CA270CC1178974120053A29C /* JuJu.app */;
			productType = "com.apple.product-type.application";
		};
/* End PBXNativeTarget section */

/* Begin PBXProject section */
		CA270CB9178974120053A29C /* Project object */ = {
			isa = PBXProject;
			attributes = {
				LastUpgradeCheck = 0460;
				ORGANIZATIONNAME = ict;
			};
			buildConfigurationList = CA270CBC178974120053A29C /* Build configuration list for PBXProject "JuJu" */;
			compatibilityVersion = "Xcode 3.2";
			developmentRegion = English;
			hasScannedForEncodings = 0;
			knownRegions = (
				en,
			);
			mainGroup = CA270CB8178974120053A29C;
			productRefGroup = CA270CC2178974120053A29C /* Products */;
			projectDirPath = "";
			projectReferences = (
				{
					ProductGroup = CA27107717898BC60053A29C /* Products */;
					ProjectRef = CA27107617898BC60053A29C /* ProtocolBuffers.xcodeproj */;
				},
			);
			projectRoot = "";
			targets = (
				CA270CC0178974120053A29C /* JuJu */,
			);
		};
/* End PBXProject section */

/* Begin PBXResourcesBuildPhase section */
		CA270CBF178974120053A29C /* Resources */ = {
			isa = PBXResourcesBuildPhase;
			buildActionMask = 2147483647;
			files = (
				CA270D25178979390053A29C /* InfoPlist.strings in Resources */,
				CA270D2A178979390053A29C /* Default-568h@2x.png in Resources */,
				CA270D2B178979390053A29C /* Default.png in Resources */,
				CA270D2C178979390053A29C /* Default@2x.png in Resources */,
				CA270D2E178979390053A29C /* JuJu-Info.plist in Resources */,
				CA270DED1789797B0053A29C /* searchBarBG.png in Resources */,
				CA270DEE1789797B0053A29C /* searchBarIcon.png in Resources */,
				CA270DEF1789797B0053A29C /* searchBarIcon@2x.png in Resources */,
				CA270DF01789797B0053A29C /* searchTextBG.png in Resources */,
				CA270DF11789797B0053A29C /* user.png in Resources */,
			);
			runOnlyForDeploymentPostprocessing = 0;
		};
/* End PBXResourcesBuildPhase section */

/* Begin PBXSourcesBuildPhase section */
		CA270CBD178974120053A29C /* Sources */ = {
			isa = PBXSourcesBuildPhase;
			buildActionMask = 2147483647;
			files = (
				CA270D26178979390053A29C /* JJAppDelegate.m in Sources */,
				CA270D27178979390053A29C /* JJMenuViewController.m in Sources */,
				CA270D29178979390053A29C /* JJRootViewController.m in Sources */,
				CA270D2D178979390053A29C /* JJMenuCell.m in Sources */,
				CA270D2F178979390053A29C /* main.m in Sources */,
				CA270DEB1789797B0053A29C /* GHRevealViewController.m in Sources */,
				CA270DEC1789797B0053A29C /* GHSidebarSearchViewController.m in Sources */,
				CA270E8217897AEE0053A29C /* AFHTTPClient.m in Sources */,
				CA270E8317897AEE0053A29C /* AFHTTPRequestOperation.m in Sources */,
				CA270E8417897AEE0053A29C /* AFImageRequestOperation.m in Sources */,
				CA270E8517897AEE0053A29C /* AFJSONRequestOperation.m in Sources */,
				CA270E8617897AEE0053A29C /* AFNetworkActivityIndicatorManager.m in Sources */,
				CA270E8717897AEE0053A29C /* AFPropertyListRequestOperation.m in Sources */,
				CA270E8817897AEE0053A29C /* AFURLConnectionOperation.m in Sources */,
				CA270E8917897AEE0053A29C /* AFXMLRequestOperation.m in Sources */,
				CA270E8A17897AEE0053A29C /* UIImageView+AFNetworking.m in Sources */,
				CA270E9817897E0C0053A29C /* JJRequestClient.m in Sources */,
				CA270FDE1789865C0053A29C /* Action.pb.m in Sources */,
				CA270FDF1789865C0053A29C /* Basic.pb.m in Sources */,
				CA270FE01789865C0053A29C /* Message.pb.m in Sources */,
				CA270FE11789865C0053A29C /* Response.pb.m in Sources */,
				CA270FE21789865C0053A29C /* User.pb.m in Sources */,
				CA27107917898BC70053A29C /* AbstractMessage.m in Sources */,
				CA27107A17898BC70053A29C /* AbstractMessage_Builder.m in Sources */,
				CA27107B17898BC70053A29C /* CodedInputStream.m in Sources */,
				CA27107C17898BC70053A29C /* CodedOutputStream.m in Sources */,
				CA27107D17898BC70053A29C /* ConcreteExtensionField.m in Sources */,
				CA27107E17898BC70053A29C /* ExtendableMessage.m in Sources */,
				CA27107F17898BC70053A29C /* ExtendableMessage_Builder.m in Sources */,
				CA27108017898BC70053A29C /* ExtensionRegistry.m in Sources */,
				CA27108117898BC70053A29C /* Field.m in Sources */,
				CA27108217898BC70053A29C /* GeneratedMessage.m in Sources */,
				CA27108317898BC70053A29C /* GeneratedMessage_Builder.m in Sources */,
				CA27108517898BC70053A29C /* MutableExtensionRegistry.m in Sources */,
				CA27108617898BC70053A29C /* MutableField.m in Sources */,
				CA27108717898BC70053A29C /* TextFormat.m in Sources */,
				CA27108817898BC70053A29C /* UnknownFieldSet.m in Sources */,
				CA27108917898BC70053A29C /* UnknownFieldSet_Builder.m in Sources */,
				CA27108A17898BC70053A29C /* Utilities.m in Sources */,
				CA27108B17898BC70053A29C /* WireFormat.m in Sources */,
				CAA75C541789D8750041C019 /* AppManager.m in Sources */,
				CACEC2AF178B0CCF00D88643 /* DateUtil.m in Sources */,
				CACEC2B0178B0CCF00D88643 /* PointUtil.m in Sources */,
				CACEC2B1178B0CCF00D88643 /* RectUtil.m in Sources */,
				CACEC2B2178B0CCF00D88643 /* StringUtil.m in Sources */,
				CACEC2B6178B0DEF00D88643 /* JJService.m in Sources */,
				CACEC2B9178B136600D88643 /* UserService.m in Sources */,
				CACEC375178C291D00D88643 /* JJModel.m in Sources */,
				CACEC382178C293200D88643 /* ActionManager.m in Sources */,
				CACEC384178C293200D88643 /* ImageManager.m in Sources */,
				CACEC385178C293200D88643 /* JJManager.m in Sources */,
				CACEC386178C293200D88643 /* RelationManager.m in Sources */,
				CACEC387178C293200D88643 /* UserManager.m in Sources */,
				CACEC38A178C2A5300D88643 /* ConfigManager.m in Sources */,
			);
			runOnlyForDeploymentPostprocessing = 0;
		};
/* End PBXSourcesBuildPhase section */

/* Begin PBXVariantGroup section */
		CA270D09178979390053A29C /* InfoPlist.strings */ = {
			isa = PBXVariantGroup;
			children = (
				CA270D0A178979390053A29C /* en */,
			);
			name = InfoPlist.strings;
			sourceTree = "<group>";
		};
/* End PBXVariantGroup section */

/* Begin XCBuildConfiguration section */
		CA270CDC178974120053A29C /* Debug */ = {
			isa = XCBuildConfiguration;
			buildSettings = {
				ALWAYS_SEARCH_USER_PATHS = NO;
				CLANG_CXX_LANGUAGE_STANDARD = "gnu++0x";
				CLANG_CXX_LIBRARY = "libc++";
				CLANG_ENABLE_OBJC_ARC = YES;
				CLANG_WARN_CONSTANT_CONVERSION = YES;
				CLANG_WARN_EMPTY_BODY = YES;
				CLANG_WARN_ENUM_CONVERSION = YES;
				CLANG_WARN_INT_CONVERSION = YES;
				CLANG_WARN__DUPLICATE_METHOD_MATCH = YES;
				"CODE_SIGN_IDENTITY[sdk=iphoneos*]" = "iPhone Developer";
				COPY_PHASE_STRIP = NO;
				GCC_C_LANGUAGE_STANDARD = gnu99;
				GCC_DYNAMIC_NO_PIC = NO;
				GCC_OPTIMIZATION_LEVEL = 0;
				GCC_PREPROCESSOR_DEFINITIONS = (
					"DEBUG=1",
					"$(inherited)",
				);
				GCC_SYMBOLS_PRIVATE_EXTERN = NO;
				GCC_WARN_ABOUT_RETURN_TYPE = YES;
				GCC_WARN_UNINITIALIZED_AUTOS = YES;
				GCC_WARN_UNUSED_VARIABLE = YES;
				IPHONEOS_DEPLOYMENT_TARGET = 5.0;
				ONLY_ACTIVE_ARCH = YES;
				SDKROOT = iphoneos;
				TARGETED_DEVICE_FAMILY = "1,2";
			};
			name = Debug;
		};
		CA270CDD178974120053A29C /* Release */ = {
			isa = XCBuildConfiguration;
			buildSettings = {
				ALWAYS_SEARCH_USER_PATHS = NO;
				CLANG_CXX_LANGUAGE_STANDARD = "gnu++0x";
				CLANG_CXX_LIBRARY = "libc++";
				CLANG_ENABLE_OBJC_ARC = YES;
				CLANG_WARN_CONSTANT_CONVERSION = YES;
				CLANG_WARN_EMPTY_BODY = YES;
				CLANG_WARN_ENUM_CONVERSION = YES;
				CLANG_WARN_INT_CONVERSION = YES;
				CLANG_WARN__DUPLICATE_METHOD_MATCH = YES;
				"CODE_SIGN_IDENTITY[sdk=iphoneos*]" = "iPhone Developer";
				COPY_PHASE_STRIP = YES;
				GCC_C_LANGUAGE_STANDARD = gnu99;
				GCC_WARN_ABOUT_RETURN_TYPE = YES;
				GCC_WARN_UNINITIALIZED_AUTOS = YES;
				GCC_WARN_UNUSED_VARIABLE = YES;
				IPHONEOS_DEPLOYMENT_TARGET = 5.0;
				ONLY_ACTIVE_ARCH = YES;
				OTHER_CFLAGS = "-DNS_BLOCK_ASSERTIONS=1";
				SDKROOT = iphoneos;
				TARGETED_DEVICE_FAMILY = "1,2";
				VALIDATE_PRODUCT = YES;
			};
			name = Release;
		};
		CA270CDF178974120053A29C /* Debug */ = {
			isa = XCBuildConfiguration;
			buildSettings = {
				GCC_PRECOMPILE_PREFIX_HEADER = YES;
				GCC_PREFIX_HEADER = "JuJu-Prefix.pch";
				INFOPLIST_FILE = "$(SRCROOT)/JuJu-Info.plist";
				IPHONEOS_DEPLOYMENT_TARGET = 5.0;
				LIBRARY_SEARCH_PATHS = (
					"$(inherited)",
					"\"$(SRCROOT)/../Common_iPhone/Core/Data/ProtoBuf/build/Debug-iphonesimulator\"",
					"\"$(SRCROOT)/../Common_iPhone/Core/SDK/UmengSDK\"",
				);
				PRODUCT_NAME = "$(TARGET_NAME)";
				WRAPPER_EXTENSION = app;
			};
			name = Debug;
		};
		CA270CE0178974120053A29C /* Release */ = {
			isa = XCBuildConfiguration;
			buildSettings = {
				GCC_PRECOMPILE_PREFIX_HEADER = YES;
				GCC_PREFIX_HEADER = "JuJu-Prefix.pch";
				INFOPLIST_FILE = "$(SRCROOT)/JuJu-Info.plist";
				IPHONEOS_DEPLOYMENT_TARGET = 5.0;
				LIBRARY_SEARCH_PATHS = (
					"$(inherited)",
					"\"$(SRCROOT)/../Common_iPhone/Core/Data/ProtoBuf/build/Debug-iphonesimulator\"",
					"\"$(SRCROOT)/../Common_iPhone/Core/SDK/UmengSDK\"",
				);
				PRODUCT_NAME = "$(TARGET_NAME)";
				WRAPPER_EXTENSION = app;
			};
			name = Release;
		};
/* End XCBuildConfiguration section */

/* Begin XCConfigurationList section */
		CA270CBC178974120053A29C /* Build configuration list for PBXProject "JuJu" */ = {
			isa = XCConfigurationList;
			buildConfigurations = (
				CA270CDC178974120053A29C /* Debug */,
				CA270CDD178974120053A29C /* Release */,
			);
			defaultConfigurationIsVisible = 0;
			defaultConfigurationName = Release;
		};
		CA270CDE178974120053A29C /* Build configuration list for PBXNativeTarget "JuJu" */ = {
			isa = XCConfigurationList;
			buildConfigurations = (
				CA270CDF178974120053A29C /* Debug */,
				CA270CE0178974120053A29C /* Release */,
			);
			defaultConfigurationIsVisible = 0;
			defaultConfigurationName = Release;
		};
/* End XCConfigurationList section */
	};
	rootObject = CA270CB9178974120053A29C /* Project object */;
}
